{
  "name": "chdtapis",
  "lockfileVersion": 3,
  "requires": true,
  "packages": {
    "": {
      "dependencies": {
        "oauth2": "^0.0.1"
      }
    },
    "node_modules/oauth2": {
      "version": "0.0.1",
      "resolved": "https://registry.npmjs.org/oauth2/-/oauth2-0.0.1.tgz",
      "integrity": "sha512-9Tt84t73Kav/XJHmu+n4GdAThiA/xHabggutF5bO64zyO4YW8NVjTTffOB6+aSjAqAUR6Za1iqMD6AmGZPWhrg==",
      "engines": {
        "node": ">= 0.4.6 < 0.5.0"
      }
    }
  }
}
